// !$*UTF8*$!
{
	archiveVersion = 1;
	classes = {
	};
	objectVersion = 46;
	objects = {

/* Begin PBXBuildFile section */
		0B9CB891B0050F5643FD4F47 /* Pods_rainyshinycloudy.framework in Frameworks */ = {isa = PBXBuildFile; fileRef = 19D0A7815A9ED25CD44B3C91 /* Pods_rainyshinycloudy.framework */; };
		6B1267691F0E616700D5D67D /* AppDelegate.swift in Sources */ = {isa = PBXBuildFile; fileRef = 6B1267681F0E616700D5D67D /* AppDelegate.swift */; };
		6B12676B1F0E616700D5D67D /* WeatherVC.swift in Sources */ = {isa = PBXBuildFile; fileRef = 6B12676A1F0E616700D5D67D /* WeatherVC.swift */; };
		6B12676E1F0E616700D5D67D /* Main.storyboard in Resources */ = {isa = PBXBuildFile; fileRef = 6B12676C1F0E616700D5D67D /* Main.storyboard */; };
		6B1267701F0E616700D5D67D /* Assets.xcassets in Resources */ = {isa = PBXBuildFile; fileRef = 6B12676F1F0E616700D5D67D /* Assets.xcassets */; };
		6B1267731F0E616700D5D67D /* LaunchScreen.storyboard in Resources */ = {isa = PBXBuildFile; fileRef = 6B1267711F0E616700D5D67D /* LaunchScreen.storyboard */; };
		6B12677E1F0E616700D5D67D /* rainyshinycloudyTests.swift in Sources */ = {isa = PBXBuildFile; fileRef = 6B12677D1F0E616700D5D67D /* rainyshinycloudyTests.swift */; };
		6B1267891F0E616700D5D67D /* rainyshinycloudyUITests.swift in Sources */ = {isa = PBXBuildFile; fileRef = 6B1267881F0E616700D5D67D /* rainyshinycloudyUITests.swift */; };
		6B1267971F11361800D5D67D /* Constants.swift in Sources */ = {isa = PBXBuildFile; fileRef = 6B1267961F11361800D5D67D /* Constants.swift */; };
		6B1267991F113D5500D5D67D /* CurrentWeather.swift in Sources */ = {isa = PBXBuildFile; fileRef = 6B1267981F113D5500D5D67D /* CurrentWeather.swift */; };
		6B12679B1F142F4500D5D67D /* Forecast.swift in Sources */ = {isa = PBXBuildFile; fileRef = 6B12679A1F142F4500D5D67D /* Forecast.swift */; };
		6B12679D1F15C78800D5D67D /* WeatherCell.swift in Sources */ = {isa = PBXBuildFile; fileRef = 6B12679C1F15C78800D5D67D /* WeatherCell.swift */; };
		6B12679F1F15E2DC00D5D67D /* Location.swift in Sources */ = {isa = PBXBuildFile; fileRef = 6B12679E1F15E2DC00D5D67D /* Location.swift */; };
/* End PBXBuildFile section */

/* Begin PBXContainerItemProxy section */
		6B12677A1F0E616700D5D67D /* PBXContainerItemProxy */ = {
			isa = PBXContainerItemProxy;
			containerPortal = 6B12675D1F0E616700D5D67D /* Project object */;
			proxyType = 1;
			remoteGlobalIDString = 6B1267641F0E616700D5D67D;
			remoteInfo = rainyshinycloudy;
		};
		6B1267851F0E616700D5D67D /* PBXContainerItemProxy */ = {
			isa = PBXContainerItemProxy;
			containerPortal = 6B12675D1F0E616700D5D67D /* Project object */;
			proxyType = 1;
			remoteGlobalIDString = 6B1267641F0E616700D5D67D;
			remoteInfo = rainyshinycloudy;
		};
/* End PBXContainerItemProxy section */

/* Begin PBXFileReference section */
		033749061DE7AD2C14931236 /* Pods-rainyshinycloudy.debug.xcconfig */ = {isa = PBXFileReference; includeInIndex = 1; lastKnownFileType = text.xcconfig; name = "Pods-rainyshinycloudy.debug.xcconfig"; path = "Pods/Target Support Files/Pods-rainyshinycloudy/Pods-rainyshinycloudy.debug.xcconfig"; sourceTree = "<group>"; };
		19D0A7815A9ED25CD44B3C91 /* Pods_rainyshinycloudy.framework */ = {isa = PBXFileReference; explicitFileType = wrapper.framework; includeInIndex = 0; path = Pods_rainyshinycloudy.framework; sourceTree = BUILT_PRODUCTS_DIR; };
		6B1267651F0E616700D5D67D /* rainyshinycloudy.app */ = {isa = PBXFileReference; explicitFileType = wrapper.application; includeInIndex = 0; path = rainyshinycloudy.app; sourceTree = BUILT_PRODUCTS_DIR; };
		6B1267681F0E616700D5D67D /* AppDelegate.swift */ = {isa = PBXFileReference; lastKnownFileType = sourcecode.swift; path = AppDelegate.swift; sourceTree = "<group>"; };
		6B12676A1F0E616700D5D67D /* WeatherVC.swift */ = {isa = PBXFileReference; lastKnownFileType = sourcecode.swift; path = WeatherVC.swift; sourceTree = "<group>"; };
		6B12676D1F0E616700D5D67D /* Base */ = {isa = PBXFileReference; lastKnownFileType = file.storyboard; name = Base; path = Base.lproj/Main.storyboard; sourceTree = "<group>"; };
		6B12676F1F0E616700D5D67D /* Assets.xcassets */ = {isa = PBXFileReference; lastKnownFileType = folder.assetcatalog; path = Assets.xcassets; sourceTree = "<group>"; };
		6B1267721F0E616700D5D67D /* Base */ = {isa = PBXFileReference; lastKnownFileType = file.storyboard; name = Base; path = Base.lproj/LaunchScreen.storyboard; sourceTree = "<group>"; };
		6B1267741F0E616700D5D67D /* Info.plist */ = {isa = PBXFileReference; lastKnownFileType = text.plist.xml; path = Info.plist; sourceTree = "<group>"; };
		6B1267791F0E616700D5D67D /* rainyshinycloudyTests.xctest */ = {isa = PBXFileReference; explicitFileType = wrapper.cfbundle; includeInIndex = 0; path = rainyshinycloudyTests.xctest; sourceTree = BUILT_PRODUCTS_DIR; };
		6B12677D1F0E616700D5D67D /* rainyshinycloudyTests.swift */ = {isa = PBXFileReference; lastKnownFileType = sourcecode.swift; path = rainyshinycloudyTests.swift; sourceTree = "<group>"; };
		6B12677F1F0E616700D5D67D /* Info.plist */ = {isa = PBXFileReference; lastKnownFileType = text.plist.xml; path = Info.plist; sourceTree = "<group>"; };
		6B1267841F0E616700D5D67D /* rainyshinycloudyUITests.xctest */ = {isa = PBXFileReference; explicitFileType = wrapper.cfbundle; includeInIndex = 0; path = rainyshinycloudyUITests.xctest; sourceTree = BUILT_PRODUCTS_DIR; };
		6B1267881F0E616700D5D67D /* rainyshinycloudyUITests.swift */ = {isa = PBXFileReference; lastKnownFileType = sourcecode.swift; path = rainyshinycloudyUITests.swift; sourceTree = "<group>"; };
		6B12678A1F0E616700D5D67D /* Info.plist */ = {isa = PBXFileReference; lastKnownFileType = text.plist.xml; path = Info.plist; sourceTree = "<group>"; };
		6B1267961F11361800D5D67D /* Constants.swift */ = {isa = PBXFileReference; fileEncoding = 4; lastKnownFileType = sourcecode.swift; path = Constants.swift; sourceTree = "<group>"; };
		6B1267981F113D5500D5D67D /* CurrentWeather.swift */ = {isa = PBXFileReference; fileEncoding = 4; lastKnownFileType = sourcecode.swift; path = CurrentWeather.swift; sourceTree = "<group>"; };
		6B12679A1F142F4500D5D67D /* Forecast.swift */ = {isa = PBXFileReference; fileEncoding = 4; lastKnownFileType = sourcecode.swift; path = Forecast.swift; sourceTree = "<group>"; };
		6B12679C1F15C78800D5D67D /* WeatherCell.swift */ = {isa = PBXFileReference; fileEncoding = 4; lastKnownFileType = sourcecode.swift; path = WeatherCell.swift; sourceTree = "<group>"; };
		6B12679E1F15E2DC00D5D67D /* Location.swift */ = {isa = PBXFileReference; fileEncoding = 4; lastKnownFileType = sourcecode.swift; path = Location.swift; sourceTree = "<group>"; };
		829F115A1254462A9C6CF2E9 /* Pods-rainyshinycloudy.release.xcconfig */ = {isa = PBXFileReference; includeInIndex = 1; lastKnownFileType = text.xcconfig; name = "Pods-rainyshinycloudy.release.xcconfig"; path = "Pods/Target Support Files/Pods-rainyshinycloudy/Pods-rainyshinycloudy.release.xcconfig"; sourceTree = "<group>"; };
/* End PBXFileReference section */

/* Begin PBXFrameworksBuildPhase section */
		6B1267621F0E616700D5D67D /* Frameworks */ = {
			isa = PBXFrameworksBuildPhase;
			buildActionMask = 2147483647;
			files = (
				0B9CB891B0050F5643FD4F47 /* Pods_rainyshinycloudy.framework in Frameworks */,
			);
			runOnlyForDeploymentPostprocessing = 0;
		};
		6B1267761F0E616700D5D67D /* Frameworks */ = {
			isa = PBXFrameworksBuildPhase;
			buildActionMask = 2147483647;
			files = (
			);
			runOnlyForDeploymentPostprocessing = 0;
		};
		6B1267811F0E616700D5D67D /* Frameworks */ = {
			isa = PBXFrameworksBuildPhase;
			buildActionMask = 2147483647;
			files = (
			);
			runOnlyForDeploymentPostprocessing = 0;
		};
/* End PBXFrameworksBuildPhase section */

/* Begin PBXGroup section */
		3480A87774AD616162B97ACC /* Frameworks */ = {
			isa = PBXGroup;
			children = (
				19D0A7815A9ED25CD44B3C91 /* Pods_rainyshinycloudy.framework */,
			);
			name = Frameworks;
			sourceTree = "<group>";
		};
		6B12675C1F0E616700D5D67D = {
			isa = PBXGroup;
			children = (
				6B1267671F0E616700D5D67D /* rainyshinycloudy */,
				6B12677C1F0E616700D5D67D /* rainyshinycloudyTests */,
				6B1267871F0E616700D5D67D /* rainyshinycloudyUITests */,
				6B1267661F0E616700D5D67D /* Products */,
				CAA8673B91D7C237DC1CF3F5 /* Pods */,
				3480A87774AD616162B97ACC /* Frameworks */,
			);
			sourceTree = "<group>";
		};
		6B1267661F0E616700D5D67D /* Products */ = {
			isa = PBXGroup;
			children = (
				6B1267651F0E616700D5D67D /* rainyshinycloudy.app */,
				6B1267791F0E616700D5D67D /* rainyshinycloudyTests.xctest */,
				6B1267841F0E616700D5D67D /* rainyshinycloudyUITests.xctest */,
			);
			name = Products;
			sourceTree = "<group>";
		};
		6B1267671F0E616700D5D67D /* rainyshinycloudy */ = {
			isa = PBXGroup;
			children = (
				6B1267681F0E616700D5D67D /* AppDelegate.swift */,
				6B12676A1F0E616700D5D67D /* WeatherVC.swift */,
				6B12676C1F0E616700D5D67D /* Main.storyboard */,
				6B12676F1F0E616700D5D67D /* Assets.xcassets */,
				6B1267711F0E616700D5D67D /* LaunchScreen.storyboard */,
				6B1267741F0E616700D5D67D /* Info.plist */,
				6B1267961F11361800D5D67D /* Constants.swift */,
				6B1267981F113D5500D5D67D /* CurrentWeather.swift */,
				6B12679A1F142F4500D5D67D /* Forecast.swift */,
				6B12679C1F15C78800D5D67D /* WeatherCell.swift */,
				6B12679E1F15E2DC00D5D67D /* Location.swift */,
			);
			path = rainyshinycloudy;
			sourceTree = "<group>";
		};
		6B12677C1F0E616700D5D67D /* rainyshinycloudyTests */ = {
			isa = PBXGroup;
			children = (
				6B12677D1F0E616700D5D67D /* rainyshinycloudyTests.swift */,
				6B12677F1F0E616700D5D67D /* Info.plist */,
			);
			path = rainyshinycloudyTests;
			sourceTree = "<group>";
		};
		6B1267871F0E616700D5D67D /* rainyshinycloudyUITests */ = {
			isa = PBXGroup;
			children = (
				6B1267881F0E616700D5D67D /* rainyshinycloudyUITests.swift */,
				6B12678A1F0E616700D5D67D /* Info.plist */,
			);
			path = rainyshinycloudyUITests;
			sourceTree = "<group>";
		};
		CAA8673B91D7C237DC1CF3F5 /* Pods */ = {
			isa = PBXGroup;
			children = (
				033749061DE7AD2C14931236 /* Pods-rainyshinycloudy.debug.xcconfig */,
				829F115A1254462A9C6CF2E9 /* Pods-rainyshinycloudy.release.xcconfig */,
			);
			name = Pods;
			sourceTree = "<group>";
		};
/* End PBXGroup section */

/* Begin PBXNativeTarget section */
		6B1267641F0E616700D5D67D /* rainyshinycloudy */ = {
			isa = PBXNativeTarget;
			buildConfigurationList = 6B12678D1F0E616700D5D67D /* Build configuration list for PBXNativeTarget "rainyshinycloudy" */;
			buildPhases = (
				30D58C8828E241F6901CECC1 /* [CP] Check Pods Manifest.lock */,
				6B1267611F0E616700D5D67D /* Sources */,
				6B1267621F0E616700D5D67D /* Frameworks */,
				6B1267631F0E616700D5D67D /* Resources */,
				E7E54DEE1DF4A615D0FD54F8 /* [CP] Embed Pods Frameworks */,
				879F1E45488ED29EF2023F46 /* [CP] Copy Pods Resources */,
			);
			buildRules = (
			);
			dependencies = (
			);
			name = rainyshinycloudy;
			productName = rainyshinycloudy;
			productReference = 6B1267651F0E616700D5D67D /* rainyshinycloudy.app */;
			productType = "com.apple.product-type.application";
		};
		6B1267781F0E616700D5D67D /* rainyshinycloudyTests */ = {
			isa = PBXNativeTarget;
			buildConfigurationList = 6B1267901F0E616700D5D67D /* Build configuration list for PBXNativeTarget "rainyshinycloudyTests" */;
			buildPhases = (
				6B1267751F0E616700D5D67D /* Sources */,
				6B1267761F0E616700D5D67D /* Frameworks */,
				6B1267771F0E616700D5D67D /* Resources */,
			);
			buildRules = (
			);
			dependencies = (
				6B12677B1F0E616700D5D67D /* PBXTargetDependency */,
			);
			name = rainyshinycloudyTests;
			productName = rainyshinycloudyTests;
			productReference = 6B1267791F0E616700D5D67D /* rainyshinycloudyTests.xctest */;
			productType = "com.apple.product-type.bundle.unit-test";
		};
		6B1267831F0E616700D5D67D /* rainyshinycloudyUITests */ = {
			isa = PBXNativeTarget;
			buildConfigurationList = 6B1267931F0E616700D5D67D /* Build configuration list for PBXNativeTarget "rainyshinycloudyUITests" */;
			buildPhases = (
				6B1267801F0E616700D5D67D /* Sources */,
				6B1267811F0E616700D5D67D /* Frameworks */,
				6B1267821F0E616700D5D67D /* Resources */,
			);
			buildRules = (
			);
			dependencies = (
				6B1267861F0E616700D5D67D /* PBXTargetDependency */,
			);
			name = rainyshinycloudyUITests;
			productName = rainyshinycloudyUITests;
			productReference = 6B1267841F0E616700D5D67D /* rainyshinycloudyUITests.xctest */;
			productType = "com.apple.product-type.bundle.ui-testing";
		};
/* End PBXNativeTarget section */

/* Begin PBXProject section */
		6B12675D1F0E616700D5D67D /* Project object */ = {
			isa = PBXProject;
			attributes = {
				LastSwiftUpdateCheck = 0830;
				LastUpgradeCheck = 0830;
				ORGANIZATIONNAME = "Neil Patel";
				TargetAttributes = {
					6B1267641F0E616700D5D67D = {
						CreatedOnToolsVersion = 8.3.3;
						ProvisioningStyle = Automatic;
					};
					6B1267781F0E616700D5D67D = {
						CreatedOnToolsVersion = 8.3.3;
						ProvisioningStyle = Automatic;
						TestTargetID = 6B1267641F0E616700D5D67D;
					};
					6B1267831F0E616700D5D67D = {
						CreatedOnToolsVersion = 8.3.3;
						ProvisioningStyle = Automatic;
						TestTargetID = 6B1267641F0E616700D5D67D;
					};
				};
			};
			buildConfigurationList = 6B1267601F0E616700D5D67D /* Build configuration list for PBXProject "rainyshinycloudy" */;
			compatibilityVersion = "Xcode 3.2";
			developmentRegion = English;
			hasScannedForEncodings = 0;
			knownRegions = (
				en,
				Base,
			);
			mainGroup = 6B12675C1F0E616700D5D67D;
			productRefGroup = 6B1267661F0E616700D5D67D /* Products */;
			projectDirPath = "";
			projectRoot = "";
			targets = (
				6B1267641F0E616700D5D67D /* rainyshinycloudy */,
				6B1267781F0E616700D5D67D /* rainyshinycloudyTests */,
				6B1267831F0E616700D5D67D /* rainyshinycloudyUITests */,
			);
		};
/* End PBXProject section */

/* Begin PBXResourcesBuildPhase section */
		6B1267631F0E616700D5D67D /* Resources */ = {
			isa = PBXResourcesBuildPhase;
			buildActionMask = 2147483647;
			files = (
				6B1267731F0E616700D5D67D /* LaunchScreen.storyboard in Resources */,
				6B1267701F0E616700D5D67D /* Assets.xcassets in Resources */,
				6B12676E1F0E616700D5D67D /* Main.storyboard in Resources */,
			);
			runOnlyForDeploymentPostprocessing = 0;
		};
		6B1267771F0E616700D5D67D /* Resources */ = {
			isa = PBXResourcesBuildPhase;
			buildActionMask = 2147483647;
			files = (
			);
			runOnlyForDeploymentPostprocessing = 0;
		};
		6B1267821F0E616700D5D67D /* Resources */ = {
			isa = PBXResourcesBuildPhase;
			buildActionMask = 2147483647;
			files = (
			);
			runOnlyForDeploymentPostprocessing = 0;
		};
/* End PBXResourcesBuildPhase section */

/* Begin PBXShellScriptBuildPhase section */
		30D58C8828E241F6901CECC1 /* [CP] Check Pods Manifest.lock */ = {
			isa = PBXShellScriptBuildPhase;
			buildActionMask = 2147483647;
			files = (
			);
			inputPaths = (
			);
			name = "[CP] Check Pods Manifest.lock";
			outputPaths = (
			);
			runOnlyForDeploymentPostprocessing = 0;
			shellPath = /bin/sh;
			shellScript = "diff \"${PODS_PODFILE_DIR_PATH}/Podfile.lock\" \"${PODS_ROOT}/Manifest.lock\" > /dev/null\nif [ $? != 0 ] ; then\n    # print error to STDERR\n    echo \"error: The sandbox is not in sync with the Podfile.lock. Run 'pod install' or update your CocoaPods installation.\" >&2\n    exit 1\nfi\n";
			showEnvVarsInLog = 0;
		};
		879F1E45488ED29EF2023F46 /* [CP] Copy Pods Resources */ = {
			isa = PBXShellScriptBuildPhase;
			buildActionMask = 2147483647;
			files = (
			);
			inputPaths = (
			);
			name = "[CP] Copy Pods Resources";
			outputPaths = (
			);
			runOnlyForDeploymentPostprocessing = 0;
			shellPath = /bin/sh;
			shellScript = "\"${SRCROOT}/Pods/Target Support Files/Pods-rainyshinycloudy/Pods-rainyshinycloudy-resources.sh\"\n";
			showEnvVarsInLog = 0;
		};
		E7E54DEE1DF4A615D0FD54F8 /* [CP] Embed Pods Frameworks */ = {
			isa = PBXShellScriptBuildPhase;
			buildActionMask = 2147483647;
			files = (
			);
			inputPaths = (
			);
			name = "[CP] Embed Pods Frameworks";
			outputPaths = (
			);
			runOnlyForDeploymentPostprocessing = 0;
			shellPath = /bin/sh;
			shellScript = "\"${SRCROOT}/Pods/Target Support Files/Pods-rainyshinycloudy/Pods-rainyshinycloudy-frameworks.sh\"\n";
			showEnvVarsInLog = 0;
		};
/* End PBXShellScriptBuildPhase section */

/* Begin PBXSourcesBuildPhase section */
		6B1267611F0E616700D5D67D /* Sources */ = {
			isa = PBXSourcesBuildPhase;
			buildActionMask = 2147483647;
			files = (
				6B12676B1F0E616700D5D67D /* WeatherVC.swift in Sources */,
				6B1267691F0E616700D5D67D /* AppDelegate.swift in Sources */,
				6B12679D1F15C78800D5D67D /* WeatherCell.swift in Sources */,
				6B1267991F113D5500D5D67D /* CurrentWeather.swift in Sources */,
				6B1267971F11361800D5D67D /* Constants.swift in Sources */,
				6B12679B1F142F4500D5D67D /* Forecast.swift in Sources */,
				6B12679F1F15E2DC00D5D67D /* Location.swift in Sources */,
			);
			runOnlyForDeploymentPostprocessing = 0;
		};
		6B1267751F0E616700D5D67D /* Sources */ = {
			isa = PBXSourcesBuildPhase;
			buildActionMask = 2147483647;
			files = (
				6B12677E1F0E616700D5D67D /* rainyshinycloudyTests.swift in Sources */,
			);
			runOnlyForDeploymentPostprocessing = 0;
		};
		6B1267801F0E616700D5D67D /* Sources */ = {
			isa = PBXSourcesBuildPhase;
			buildActionMask = 2147483647;
			files = (
				6B1267891F0E616700D5D67D /* rainyshinycloudyUITests.swift in Sources */,
			);
			runOnlyForDeploymentPostprocessing = 0;
		};
/* End PBXSourcesBuildPhase section */

/* Begin PBXTargetDependency section */
		6B12677B1F0E616700D5D67D /* PBXTargetDependency */ = {
			isa = PBXTargetDependency;
			target = 6B1267641F0E616700D5D67D /* rainyshinycloudy */;
			targetProxy = 6B12677A1F0E616700D5D67D /* PBXContainerItemProxy */;
		};
		6B1267861F0E616700D5D67D /* PBXTargetDependency */ = {
			isa = PBXTargetDependency;
			target = 6B1267641F0E616700D5D67D /* rainyshinycloudy */;
			targetProxy = 6B1267851F0E616700D5D67D /* PBXContainerItemProxy */;
		};
/* End PBXTargetDependency section */

/* Begin PBXVariantGroup section */
		6B12676C1F0E616700D5D67D /* Main.storyboard */ = {
			isa = PBXVariantGroup;
			children = (
				6B12676D1F0E616700D5D67D /* Base */,
			);
			name = Main.storyboard;
			sourceTree = "<group>";
		};
		6B1267711F0E616700D5D67D /* LaunchScreen.storyboard */ = {
			isa = PBXVariantGroup;
			children = (
				6B1267721F0E616700D5D67D /* Base */,
			);
			name = LaunchScreen.storyboard;
			sourceTree = "<group>";
		};
/* End PBXVariantGroup section */

/* Begin XCBuildConfiguration section */
		6B12678B1F0E616700D5D67D /* Debug */ = {
			isa = XCBuildConfiguration;
			buildSettings = {
				ALWAYS_SEARCH_USER_PATHS = NO;
				CLANG_ANALYZER_NONNULL = YES;
				CLANG_ANALYZER_NUMBER_OBJECT_CONVERSION = YES_AGGRESSIVE;
				CLANG_CXX_LANGUAGE_STANDARD = "gnu++0x";
				CLANG_CXX_LIBRARY = "libc++";
				CLANG_ENABLE_MODULES = YES;
				CLANG_ENABLE_OBJC_ARC = YES;
				CLANG_WARN_BOOL_CONVERSION = YES;
				CLANG_WARN_CONSTANT_CONVERSION = YES;
				CLANG_WARN_DIRECT_OBJC_ISA_USAGE = YES_ERROR;
				CLANG_WARN_DOCUMENTATION_COMMENTS = YES;
				CLANG_WARN_EMPTY_BODY = YES;
				CLANG_WARN_ENUM_CONVERSION = YES;
				CLANG_WARN_INFINITE_RECURSION = YES;
				CLANG_WARN_INT_CONVERSION = YES;
				CLANG_WARN_OBJC_ROOT_CLASS = YES_ERROR;
				CLANG_WARN_SUSPICIOUS_MOVE = YES;
				CLANG_WARN_UNREACHABLE_CODE = YES;
				CLANG_WARN__DUPLICATE_METHOD_MATCH = YES;
				"CODE_SIGN_IDENTITY[sdk=iphoneos*]" = "iPhone Developer";
				COPY_PHASE_STRIP = NO;
				DEBUG_INFORMATION_FORMAT = dwarf;
				ENABLE_STRICT_OBJC_MSGSEND = YES;
				ENABLE_TESTABILITY = YES;
				GCC_C_LANGUAGE_STANDARD = gnu99;
				GCC_DYNAMIC_NO_PIC = NO;
				GCC_NO_COMMON_BLOCKS = YES;
				GCC_OPTIMIZATION_LEVEL = 0;
				GCC_PREPROCESSOR_DEFINITIONS = (
					"DEBUG=1",
					"$(inherited)",
				);
				GCC_WARN_64_TO_32_BIT_CONVERSION = YES;
				GCC_WARN_ABOUT_RETURN_TYPE = YES_ERROR;
				GCC_WARN_UNDECLARED_SELECTOR = YES;
				GCC_WARN_UNINITIALIZED_AUTOS = YES_AGGRESSIVE;
				GCC_WARN_UNUSED_FUNCTION = YES;
				GCC_WARN_UNUSED_VARIABLE = YES;
				IPHONEOS_DEPLOYMENT_TARGET = 10.3;
				MTL_ENABLE_DEBUG_INFO = YES;
				ONLY_ACTIVE_ARCH = YES;
				SDKROOT = iphoneos;
				SWIFT_ACTIVE_COMPILATION_CONDITIONS = DEBUG;
				SWIFT_OPTIMIZATION_LEVEL = "-Onone";
				TARGETED_DEVICE_FAMILY = "1,2";
			};
			name = Debug;
		};
		6B12678C1F0E616700D5D67D /* Release */ = {
			isa = XCBuildConfiguration;
			buildSettings = {
				ALWAYS_SEARCH_USER_PATHS = NO;
				CLANG_ANALYZER_NONNULL = YES;
				CLANG_ANALYZER_NUMBER_OBJECT_CONVERSION = YES_AGGRESSIVE;
				CLANG_CXX_LANGUAGE_STANDARD = "gnu++0x";
				CLANG_CXX_LIBRARY = "libc++";
				CLANG_ENABLE_MODULES = YES;
				CLANG_ENABLE_OBJC_ARC = YES;
				CLANG_WARN_BOOL_CONVERSION = YES;
				CLANG_WARN_CONSTANT_CONVERSION = YES;
				CLANG_WARN_DIRECT_OBJC_ISA_USAGE = YES_ERROR;
				CLANG_WARN_DOCUMENTATION_COMMENTS = YES;
				CLANG_WARN_EMPTY_BODY = YES;
				CLANG_WARN_ENUM_CONVERSION = YES;
				CLANG_WARN_INFINITE_RECURSION = YES;
				CLANG_WARN_INT_CONVERSION = YES;
				CLANG_WARN_OBJC_ROOT_CLASS = YES_ERROR;
				CLANG_WARN_SUSPICIOUS_MOVE = YES;
				CLANG_WARN_UNREACHABLE_CODE = YES;
				CLANG_WARN__DUPLICATE_METHOD_MATCH = YES;
				"CODE_SIGN_IDENTITY[sdk=iphoneos*]" = "iPhone Developer";
				COPY_PHASE_STRIP = NO;
				DEBUG_INFORMATION_FORMAT = "dwarf-with-dsym";
				ENABLE_NS_ASSERTIONS = NO;
				ENABLE_STRICT_OBJC_MSGSEND = YES;
				GCC_C_LANGUAGE_STANDARD = gnu99;
				GCC_NO_COMMON_BLOCKS = YES;
				GCC_WARN_64_TO_32_BIT_CONVERSION = YES;
				GCC_WARN_ABOUT_RETURN_TYPE = YES_ERROR;
				GCC_WARN_UNDECLARED_SELECTOR = YES;
				GCC_WARN_UNINITIALIZED_AUTOS = YES_AGGRESSIVE;
				GCC_WARN_UNUSED_FUNCTION = YES;
				GCC_WARN_UNUSED_VARIABLE = YES;
				IPHONEOS_DEPLOYMENT_TARGET = 10.3;
				MTL_ENABLE_DEBUG_INFO = NO;
				SDKROOT = iphoneos;
				SWIFT_OPTIMIZATION_LEVEL = "-Owholemodule";
				TARGETED_DEVICE_FAMILY = "1,2";
				VALIDATE_PRODUCT = YES;
			};
			name = Release;
		};
		6B12678E1F0E616700D5D67D /* Debug */ = {
			isa = XCBuildConfiguration;
			baseConfigurationReference = 033749061DE7AD2C14931236 /* Pods-rainyshinycloudy.debug.xcconfig */;
			buildSettings = {
				ASSETCATALOG_COMPILER_APPICON_NAME = AppIcon;
				INFOPLIST_FILE = rainyshinycloudy/Info.plist;
				LD_RUNPATH_SEARCH_PATHS = "$(inherited) @executable_path/Frameworks";
				PRODUCT_BUNDLE_IDENTIFIER = com.NeilPatel.rainyshinycloudy;
				PRODUCT_NAME = "$(TARGET_NAME)";
				SWIFT_VERSION = 3.0;
				TARGETED_DEVICE_FAMILY = 1;
			};
			name = Debug;
		};
		6B12678F1F0E616700D5D67D /* Release */ = {
			isa = XCBuildConfiguration;
			baseConfigurationReference = 829F115A1254462A9C6CF2E9 /* Pods-rainyshinycloudy.release.xcconfig */;
			buildSettings = {
				ASSETCATALOG_COMPILER_APPICON_NAME = AppIcon;
				INFOPLIST_FILE = rainyshinycloudy/Info.plist;
				LD_RUNPATH_SEARCH_PATHS = "$(inherited) @executable_path/Frameworks";
				PRODUCT_BUNDLE_IDENTIFIER = com.NeilPatel.rainyshinycloudy;
				PRODUCT_NAME = "$(TARGET_NAME)";
				SWIFT_VERSION = 3.0;
				TARGETED_DEVICE_FAMILY = 1;
			};
			name = Release;
		};
		6B1267911F0E616700D5D67D /* Debug */ = {
			isa = XCBuildConfiguration;
			buildSettings = {
				ALWAYS_EMBED_SWIFT_STANDARD_LIBRARIES = YES;
				BUNDLE_LOADER = "$(TEST_HOST)";
				INFOPLIST_FILE = rainyshinycloudyTests/Info.plist;
				LD_RUNPATH_SEARCH_PATHS = "$(inherited) @executable_path/Frameworks @loader_path/Frameworks";
				PRODUCT_BUNDLE_IDENTIFIER = com.NeilPatel.rainyshinycloudyTests;
				PRODUCT_NAME = "$(TARGET_NAME)";
				SWIFT_VERSION = 3.0;
				TEST_HOST = "$(BUILT_PRODUCTS_DIR)/rainyshinycloudy.app/rainyshinycloudy";
			};
			name = Debug;
		};
		6B1267921F0E616700D5D67D /* Release */ = {
			isa = XCBuildConfiguration;
			buildSettings = {
				ALWAYS_EMBED_SWIFT_STANDARD_LIBRARIES = YES;
				BUNDLE_LOADER = "$(TEST_HOST)";
				INFOPLIST_FILE = rainyshinycloudyTests/Info.plist;
				LD_RUNPATH_SEARCH_PATHS = "$(inherited) @executable_path/Frameworks @loader_path/Frameworks";
				PRODUCT_BUNDLE_IDENTIFIER = com.NeilPatel.rainyshinycloudyTests;
				PRODUCT_NAME = "$(TARGET_NAME)";
				SWIFT_VERSION = 3.0;
				TEST_HOST = "$(BUILT_PRODUCTS_DIR)/rainyshinycloudy.app/rainyshinycloudy";
			};
			name = Release;
		};
		6B1267941F0E616700D5D67D /* Debug */ = {
			isa = XCBuildConfiguration;
			buildSettings = {
				ALWAYS_EMBED_SWIFT_STANDARD_LIBRARIES = YES;
				INFOPLIST_FILE = rainyshinycloudyUITests/Info.plist;
				LD_RUNPATH_SEARCH_PATHS = "$(inherited) @executable_path/Frameworks @loader_path/Frameworks";
				PRODUCT_BUNDLE_IDENTIFIER = com.NeilPatel.rainyshinycloudyUITests;
				PRODUCT_NAME = "$(TARGET_NAME)";
				SWIFT_VERSION = 3.0;
				TEST_TARGET_NAME = rainyshinycloudy;
			};
			name = Debug;
		};
		6B1267951F0E616700D5D67D /* Release */ = {
			isa = XCBuildConfiguration;
			buildSettings = {
				ALWAYS_EMBED_SWIFT_STANDARD_LIBRARIES = YES;
				INFOPLIST_FILE = rainyshinycloudyUITests/Info.plist;
				LD_RUNPATH_SEARCH_PATHS = "$(inherited) @executable_path/Frameworks @loader_path/Frameworks";
				PRODUCT_BUNDLE_IDENTIFIER = com.NeilPatel.rainyshinycloudyUITests;
				PRODUCT_NAME = "$(TARGET_NAME)";
				SWIFT_VERSION = 3.0;
				TEST_TARGET_NAME = rainyshinycloudy;
			};
			name = Release;
		};
/* End XCBuildConfiguration section */

/* Begin XCConfigurationList section */
		6B1267601F0E616700D5D67D /* Build configuration list for PBXProject "rainyshinycloudy" */ = {
			isa = XCConfigurationList;
			buildConfigurations = (
				6B12678B1F0E616700D5D67D /* Debug */,
				6B12678C1F0E616700D5D67D /* Release */,
			);
			defaultConfigurationIsVisible = 0;
			defaultConfigurationName = Release;
		};
		6B12678D1F0E616700D5D67D /* Build configuration list for PBXNativeTarget "rainyshinycloudy" */ = {
			isa = XCConfigurationList;
			buildConfigurations = (
				6B12678E1F0E616700D5D67D /* Debug */,
				6B12678F1F0E616700D5D67D /* Release */,
			);
			defaultConfigurationIsVisible = 0;
			defaultConfigurationName = Release;
		};
		6B1267901F0E616700D5D67D /* Build configuration list for PBXNativeTarget "rainyshinycloudyTests" */ = {
			isa = XCConfigurationList;
			buildConfigurations = (
				6B1267911F0E616700D5D67D /* Debug */,
				6B1267921F0E616700D5D67D /* Release */,
			);
			defaultConfigurationIsVisible = 0;
			defaultConfigurationName = Release;
		};
		6B1267931F0E616700D5D67D /* Build configuration list for PBXNativeTarget "rainyshinycloudyUITests" */ = {
			isa = XCConfigurationList;
			buildConfigurations = (
				6B1267941F0E616700D5D67D /* Debug */,
				6B1267951F0E616700D5D67D /* Release */,
			);
			defaultConfigurationIsVisible = 0;
			defaultConfigurationName = Release;
		};
/* End XCConfigurationList section */
	};
	rootObject = 6B12675D1F0E616700D5D67D /* Project object */;
}
