// !$*UTF8*$!
{
	archiveVersion = 1;
	classes = {
	};
	objectVersion = 46;
	objects = {

/* Begin PBXBuildFile section */
		6B1267691F0E616700D5D67D /* AppDelegate.swift in Sources */ = {isa = PBXBuildFile; fileRef = 6B1267681F0E616700D5D67D /* AppDelegate.swift */; };
		6B12676B1F0E616700D5D67D /* ViewController.swift in Sources */ = {isa = PBXBuildFile; fileRef = 6B12676A1F0E616700D5D67D /* ViewController.swift */; };
		6B12676E1F0E616700D5D67D /* Main.storyboard in Resources */ = {isa = PBXBuildFile; fileRef = 6B12676C1F0E616700D5D67D /* Main.storyboard */; };
		6B1267701F0E616700D5D67D /* Assets.xcassets in Resources */ = {isa = PBXBuildFile; fileRef = 6B12676F1F0E616700D5D67D /* Assets.xcassets */; };
		6B1267731F0E616700D5D67D /* LaunchScreen.storyboard in Resources */ = {isa = PBXBuildFile; fileRef = 6B1267711F0E616700D5D67D /* LaunchScreen.storyboard */; };
		6B12677E1F0E616700D5D67D /* rainyshinycloudyTests.swift in Sources */ = {isa = PBXBuildFile; fileRef = 6B12677D1F0E616700D5D67D /* rainyshinycloudyTests.swift */; };
		6B1267891F0E616700D5D67D /* rainyshinycloudyUITests.swift in Sources */ = {isa = PBXBuildFile; fileRef = 6B1267881F0E616700D5D67D /* rainyshinycloudyUITests.swift */; };
/* End PBXBuildFile section */

/* Begin PBXContainerItemProxy section */
		6B12677A1F0E616700D5D67D /* PBXContainerItemProxy */ = {
			isa = PBXContainerItemProxy;
			containerPortal = 6B12675D1F0E616700D5D67D /* Project object */;
			proxyType = 1;
			remoteGlobalIDString = 6B1267641F0E616700D5D67D;
			remoteInfo = rainyshinycloudy;
		};
		6B1267851F0E616700D5D67D /* PBXContainerItemProxy */ = {
			isa = PBXContainerItemProxy;
			containerPortal = 6B12675D1F0E616700D5D67D /* Project object */;
			proxyType = 1;
			remoteGlobalIDString = 6B1267641F0E616700D5D67D;
			remoteInfo = rainyshinycloudy;
		};
/* End PBXContainerItemProxy section */

/* Begin PBXFileReference section */
		6B1267651F0E616700D5D67D /* rainyshinycloudy.app */ = {isa = PBXFileReference; explicitFileType = wrapper.application; includeInIndex = 0; path = rainyshinycloudy.app; sourceTree = BUILT_PRODUCTS_DIR; };
		6B1267681F0E616700D5D67D /* AppDelegate.swift */ = {isa = PBXFileReference; lastKnownFileType = sourcecode.swift; path = AppDelegate.swift; sourceTree = "<group>"; };
		6B12676A1F0E616700D5D67D /* ViewController.swift */ = {isa = PBXFileReference; lastKnownFileType = sourcecode.swift; path = ViewController.swift; sourceTree = "<group>"; };
		6B12676D1F0E616700D5D67D /* Base */ = {isa = PBXFileReference; lastKnownFileType = file.storyboard; name = Base; path = Base.lproj/Main.storyboard; sourceTree = "<group>"; };
		6B12676F1F0E616700D5D67D /* Assets.xcassets */ = {isa = PBXFileReference; lastKnownFileType = folder.assetcatalog; path = Assets.xcassets; sourceTree = "<group>"; };
		6B1267721F0E616700D5D67D /* Base */ = {isa = PBXFileReference; lastKnownFileType = file.storyboard; name = Base; path = Base.lproj/LaunchScreen.storyboard; sourceTree = "<group>"; };
		6B1267741F0E616700D5D67D /* Info.plist */ = {isa = PBXFileReference; lastKnownFileType = text.plist.xml; path = Info.plist; sourceTree = "<group>"; };
		6B1267791F0E616700D5D67D /* rainyshinycloudyTests.xctest */ = {isa = PBXFileReference; explicitFileType = wrapper.cfbundle; includeInIndex = 0; path = rainyshinycloudyTests.xctest; sourceTree = BUILT_PRODUCTS_DIR; };
		6B12677D1F0E616700D5D67D /* rainyshinycloudyTests.swift */ = {isa = PBXFileReference; lastKnownFileType = sourcecode.swift; path = rainyshinycloudyTests.swift; sourceTree = "<group>"; };
		6B12677F1F0E616700D5D67D /* Info.plist */ = {isa = PBXFileReference; lastKnownFileType = text.plist.xml; path = Info.plist; sourceTree = "<group>"; };
		6B1267841F0E616700D5D67D /* rainyshinycloudyUITests.xctest */ = {isa = PBXFileReference; explicitFileType = wrapper.cfbundle; includeInIndex = 0; path = rainyshinycloudyUITests.xctest; sourceTree = BUILT_PRODUCTS_DIR; };
		6B1267881F0E616700D5D67D /* rainyshinycloudyUITests.swift */ = {isa = PBXFileReference; lastKnownFileType = sourcecode.swift; path = rainyshinycloudyUITests.swift; sourceTree = "<group>"; };
		6B12678A1F0E616700D5D67D /* Info.plist */ = {isa = PBXFileReference; lastKnownFileType = text.plist.xml; path = Info.plist; sourceTree = "<group>"; };
/* End PBXFileReference section */

/* Begin PBXFrameworksBuildPhase section */
		6B1267621F0E616700D5D67D /* Frameworks */ = {
			isa = PBXFrameworksBuildPhase;
			buildActionMask = 2147483647;
			files = (
			);
			runOnlyForDeploymentPostprocessing = 0;
		};
		6B1267761F0E616700D5D67D /* Frameworks */ = {
			isa = PBXFrameworksBuildPhase;
			buildActionMask = 2147483647;
			files = (
			);
			runOnlyForDeploymentPostprocessing = 0;
		};
		6B1267811F0E616700D5D67D /* Frameworks */ = {
			isa = PBXFrameworksBuildPhase;
			buildActionMask = 2147483647;
			files = (
			);
			runOnlyForDeploymentPostprocessing = 0;
		};
/* End PBXFrameworksBuildPhase section */

/* Begin PBXGroup section */
		6B12675C1F0E616700D5D67D = {
			isa = PBXGroup;
			children = (
				6B1267671F0E616700D5D67D /* rainyshinycloudy */,
				6B12677C1F0E616700D5D67D /* rainyshinycloudyTests */,
				6B1267871F0E616700D5D67D /* rainyshinycloudyUITests */,
				6B1267661F0E616700D5D67D /* Products */,
			);
			sourceTree = "<group>";
		};
		6B1267661F0E616700D5D67D /* Products */ = {
			isa = PBXGroup;
			children = (
				6B1267651F0E616700D5D67D /* rainyshinycloudy.app */,
				6B1267791F0E616700D5D67D /* rainyshinycloudyTests.xctest */,
				6B1267841F0E616700D5D67D /* rainyshinycloudyUITests.xctest */,
			);
			name = Products;
			sourceTree = "<group>";
		};
		6B1267671F0E616700D5D67D /* rainyshinycloudy */ = {
			isa = PBXGroup;
			children = (
				6B1267681F0E616700D5D67D /* AppDelegate.swift */,
				6B12676A1F0E616700D5D67D /* ViewController.swift */,
				6B12676C1F0E616700D5D67D /* Main.storyboard */,
				6B12676F1F0E616700D5D67D /* Assets.xcassets */,
				6B1267711F0E616700D5D67D /* LaunchScreen.storyboard */,
				6B1267741F0E616700D5D67D /* Info.plist */,
			);
			path = rainyshinycloudy;
			sourceTree = "<group>";
		};
		6B12677C1F0E616700D5D67D /* rainyshinycloudyTests */ = {
			isa = PBXGroup;
			children = (
				6B12677D1F0E616700D5D67D /* rainyshinycloudyTests.swift */,
				6B12677F1F0E616700D5D67D /* Info.plist */,
			);
			path = rainyshinycloudyTests;
			sourceTree = "<group>";
		};
		6B1267871F0E616700D5D67D /* rainyshinycloudyUITests */ = {
			isa = PBXGroup;
			children = (
				6B1267881F0E616700D5D67D /* rainyshinycloudyUITests.swift */,
				6B12678A1F0E616700D5D67D /* Info.plist */,
			);
			path = rainyshinycloudyUITests;
			sourceTree = "<group>";
		};
/* End PBXGroup section */

/* Begin PBXNativeTarget section */
		6B1267641F0E616700D5D67D /* rainyshinycloudy */ = {
			isa = PBXNativeTarget;
			buildConfigurationList = 6B12678D1F0E616700D5D67D /* Build configuration list for PBXNativeTarget "rainyshinycloudy" */;
			buildPhases = (
				6B1267611F0E616700D5D67D /* Sources */,
				6B1267621F0E616700D5D67D /* Frameworks */,
				6B1267631F0E616700D5D67D /* Resources */,
			);
			buildRules = (
			);
			dependencies = (
			);
			name = rainyshinycloudy;
			productName = rainyshinycloudy;
			productReference = 6B1267651F0E616700D5D67D /* rainyshinycloudy.app */;
			productType = "com.apple.product-type.application";
		};
		6B1267781F0E616700D5D67D /* rainyshinycloudyTests */ = {
			isa = PBXNativeTarget;
			buildConfigurationList = 6B1267901F0E616700D5D67D /* Build configuration list for PBXNativeTarget "rainyshinycloudyTests" */;
			buildPhases = (
				6B1267751F0E616700D5D67D /* Sources */,
				6B1267761F0E616700D5D67D /* Frameworks */,
				6B1267771F0E616700D5D67D /* Resources */,
			);
			buildRules = (
			);
			dependencies = (
				6B12677B1F0E616700D5D67D /* PBXTargetDependency */,
			);
			name = rainyshinycloudyTests;
			productName = rainyshinycloudyTests;
			productReference = 6B1267791F0E616700D5D67D /* rainyshinycloudyTests.xctest */;
			productType = "com.apple.product-type.bundle.unit-test";
		};
		6B1267831F0E616700D5D67D /* rainyshinycloudyUITests */ = {
			isa = PBXNativeTarget;
			buildConfigurationList = 6B1267931F0E616700D5D67D /* Build configuration list for PBXNativeTarget "rainyshinycloudyUITests" */;
			buildPhases = (
				6B1267801F0E616700D5D67D /* Sources */,
				6B1267811F0E616700D5D67D /* Frameworks */,
				6B1267821F0E616700D5D67D /* Resources */,
			);
			buildRules = (
			);
			dependencies = (
				6B1267861F0E616700D5D67D /* PBXTargetDependency */,
			);
			name = rainyshinycloudyUITests;
			productName = rainyshinycloudyUITests;
			productReference = 6B1267841F0E616700D5D67D /* rainyshinycloudyUITests.xctest */;
			productType = "com.apple.product-type.bundle.ui-testing";
		};
/* End PBXNativeTarget section */

/* Begin PBXProject section */
		6B12675D1F0E616700D5D67D /* Project object */ = {
			isa = PBXProject;
			attributes = {
				LastSwiftUpdateCheck = 0830;
				LastUpgradeCheck = 0830;
				ORGANIZATIONNAME = "Neil Patel";
				TargetAttributes = {
					6B1267641F0E616700D5D67D = {
						CreatedOnToolsVersion = 8.3.3;
						ProvisioningStyle = Automatic;
					};
					6B1267781F0E616700D5D67D = {
						CreatedOnToolsVersion = 8.3.3;
						ProvisioningStyle = Automatic;
						TestTargetID = 6B1267641F0E616700D5D67D;
					};
					6B1267831F0E616700D5D67D = {
						CreatedOnToolsVersion = 8.3.3;
						ProvisioningStyle = Automatic;
						TestTargetID = 6B1267641F0E616700D5D67D;
					};
				};
			};
			buildConfigurationList = 6B1267601F0E616700D5D67D /* Build configuration list for PBXProject "rainyshinycloudy" */;
			compatibilityVersion = "Xcode 3.2";
			developmentRegion = English;
			hasScannedForEncodings = 0;
			knownRegions = (
				en,
				Base,
			);
			mainGroup = 6B12675C1F0E616700D5D67D;
			productRefGroup = 6B1267661F0E616700D5D67D /* Products */;
			projectDirPath = "";
			projectRoot = "";
			targets = (
				6B1267641F0E616700D5D67D /* rainyshinycloudy */,
				6B1267781F0E616700D5D67D /* rainyshinycloudyTests */,
				6B1267831F0E616700D5D67D /* rainyshinycloudyUITests */,
			);
		};
/* End PBXProject section */

/* Begin PBXResourcesBuildPhase section */
		6B1267631F0E616700D5D67D /* Resources */ = {
			isa = PBXResourcesBuildPhase;
			buildActionMask = 2147483647;
			files = (
				6B1267731F0E616700D5D67D /* LaunchScreen.storyboard in Resources */,
				6B1267701F0E616700D5D67D /* Assets.xcassets in Resources */,
				6B12676E1F0E616700D5D67D /* Main.storyboard in Resources */,
			);
			runOnlyForDeploymentPostprocessing = 0;
		};
		6B1267771F0E616700D5D67D /* Resources */ = {
			isa = PBXResourcesBuildPhase;
			buildActionMask = 2147483647;
			files = (
			);
			runOnlyForDeploymentPostprocessing = 0;
		};
		6B1267821F0E616700D5D67D /* Resources */ = {
			isa = PBXResourcesBuildPhase;
			buildActionMask = 2147483647;
			files = (
			);
			runOnlyForDeploymentPostprocessing = 0;
		};
/* End PBXResourcesBuildPhase section */

/* Begin PBXSourcesBuildPhase section */
		6B1267611F0E616700D5D67D /* Sources */ = {
			isa = PBXSourcesBuildPhase;
			buildActionMask = 2147483647;
			files = (
				6B12676B1F0E616700D5D67D /* ViewController.swift in Sources */,
				6B1267691F0E616700D5D67D /* AppDelegate.swift in Sources */,
			);
			runOnlyForDeploymentPostprocessing = 0;
		};
		6B1267751F0E616700D5D67D /* Sources */ = {
			isa = PBXSourcesBuildPhase;
			buildActionMask = 2147483647;
			files = (
				6B12677E1F0E616700D5D67D /* rainyshinycloudyTests.swift in Sources */,
			);
			runOnlyForDeploymentPostprocessing = 0;
		};
		6B1267801F0E616700D5D67D /* Sources */ = {
			isa = PBXSourcesBuildPhase;
			buildActionMask = 2147483647;
			files = (
				6B1267891F0E616700D5D67D /* rainyshinycloudyUITests.swift in Sources */,
			);
			runOnlyForDeploymentPostprocessing = 0;
		};
/* End PBXSourcesBuildPhase section */

/* Begin PBXTargetDependency section */
		6B12677B1F0E616700D5D67D /* PBXTargetDependency */ = {
			isa = PBXTargetDependency;
			target = 6B1267641F0E616700D5D67D /* rainyshinycloudy */;
			targetProxy = 6B12677A1F0E616700D5D67D /* PBXContainerItemProxy */;
		};
		6B1267861F0E616700D5D67D /* PBXTargetDependency */ = {
			isa = PBXTargetDependency;
			target = 6B1267641F0E616700D5D67D /* rainyshinycloudy */;
			targetProxy = 6B1267851F0E616700D5D67D /* PBXContainerItemProxy */;
		};
/* End PBXTargetDependency section */

/* Begin PBXVariantGroup section */
		6B12676C1F0E616700D5D67D /* Main.storyboard */ = {
			isa = PBXVariantGroup;
			children = (
				6B12676D1F0E616700D5D67D /* Base */,
			);
			name = Main.storyboard;
			sourceTree = "<group>";
		};
		6B1267711F0E616700D5D67D /* LaunchScreen.storyboard */ = {
			isa = PBXVariantGroup;
			children = (
				6B1267721F0E616700D5D67D /* Base */,
			);
			name = LaunchScreen.storyboard;
			sourceTree = "<group>";
		};
/* End PBXVariantGroup section */

/* Begin XCBuildConfiguration section */
		6B12678B1F0E616700D5D67D /* Debug */ = {
			isa = XCBuildConfiguration;
			buildSettings = {
				ALWAYS_SEARCH_USER_PATHS = NO;
				CLANG_ANALYZER_NONNULL = YES;
				CLANG_ANALYZER_NUMBER_OBJECT_CONVERSION = YES_AGGRESSIVE;
				CLANG_CXX_LANGUAGE_STANDARD = "gnu++0x";
				CLANG_CXX_LIBRARY = "libc++";
				CLANG_ENABLE_MODULES = YES;
				CLANG_ENABLE_OBJC_ARC = YES;
				CLANG_WARN_BOOL_CONVERSION = YES;
				CLANG_WARN_CONSTANT_CONVERSION = YES;
				CLANG_WARN_DIRECT_OBJC_ISA_USAGE = YES_ERROR;
				CLANG_WARN_DOCUMENTATION_COMMENTS = YES;
				CLANG_WARN_EMPTY_BODY = YES;
				CLANG_WARN_ENUM_CONVERSION = YES;
				CLANG_WARN_INFINITE_RECURSION = YES;
				CLANG_WARN_INT_CONVERSION = YES;
				CLANG_WARN_OBJC_ROOT_CLASS = YES_ERROR;
				CLANG_WARN_SUSPICIOUS_MOVE = YES;
				CLANG_WARN_UNREACHABLE_CODE = YES;
				CLANG_WARN__DUPLICATE_METHOD_MATCH = YES;
				"CODE_SIGN_IDENTITY[sdk=iphoneos*]" = "iPhone Developer";
				COPY_PHASE_STRIP = NO;
				DEBUG_INFORMATION_FORMAT = dwarf;
				ENABLE_STRICT_OBJC_MSGSEND = YES;
				ENABLE_TESTABILITY = YES;
				GCC_C_LANGUAGE_STANDARD = gnu99;
				GCC_DYNAMIC_NO_PIC = NO;
				GCC_NO_COMMON_BLOCKS = YES;
				GCC_OPTIMIZATION_LEVEL = 0;
				GCC_PREPROCESSOR_DEFINITIONS = (
					"DEBUG=1",
					"$(inherited)",
				);
				GCC_WARN_64_TO_32_BIT_CONVERSION = YES;
				GCC_WARN_ABOUT_RETURN_TYPE = YES_ERROR;
				GCC_WARN_UNDECLARED_SELECTOR = YES;
				GCC_WARN_UNINITIALIZED_AUTOS = YES_AGGRESSIVE;
				GCC_WARN_UNUSED_FUNCTION = YES;
				GCC_WARN_UNUSED_VARIABLE = YES;
				IPHONEOS_DEPLOYMENT_TARGET = 10.3;
				MTL_ENABLE_DEBUG_INFO = YES;
				ONLY_ACTIVE_ARCH = YES;
				SDKROOT = iphoneos;
				SWIFT_ACTIVE_COMPILATION_CONDITIONS = DEBUG;
				SWIFT_OPTIMIZATION_LEVEL = "-Onone";
				TARGETED_DEVICE_FAMILY = "1,2";
			};
			name = Debug;
		};
		6B12678C1F0E616700D5D67D /* Release */ = {
			isa = XCBuildConfiguration;
			buildSettings = {
				ALWAYS_SEARCH_USER_PATHS = NO;
				CLANG_ANALYZER_NONNULL = YES;
				CLANG_ANALYZER_NUMBER_OBJECT_CONVERSION = YES_AGGRESSIVE;
				CLANG_CXX_LANGUAGE_STANDARD = "gnu++0x";
				CLANG_CXX_LIBRARY = "libc++";
				CLANG_ENABLE_MODULES = YES;
				CLANG_ENABLE_OBJC_ARC = YES;
				CLANG_WARN_BOOL_CONVERSION = YES;
				CLANG_WARN_CONSTANT_CONVERSION = YES;
				CLANG_WARN_DIRECT_OBJC_ISA_USAGE = YES_ERROR;
				CLANG_WARN_DOCUMENTATION_COMMENTS = YES;
				CLANG_WARN_EMPTY_BODY = YES;
				CLANG_WARN_ENUM_CONVERSION = YES;
				CLANG_WARN_INFINITE_RECURSION = YES;
				CLANG_WARN_INT_CONVERSION = YES;
				CLANG_WARN_OBJC_ROOT_CLASS = YES_ERROR;
				CLANG_WARN_SUSPICIOUS_MOVE = YES;
				CLANG_WARN_UNREACHABLE_CODE = YES;
				CLANG_WARN__DUPLICATE_METHOD_MATCH = YES;
				"CODE_SIGN_IDENTITY[sdk=iphoneos*]" = "iPhone Developer";
				COPY_PHASE_STRIP = NO;
				DEBUG_INFORMATION_FORMAT = "dwarf-with-dsym";
				ENABLE_NS_ASSERTIONS = NO;
				ENABLE_STRICT_OBJC_MSGSEND = YES;
				GCC_C_LANGUAGE_STANDARD = gnu99;
				GCC_NO_COMMON_BLOCKS = YES;
				GCC_WARN_64_TO_32_BIT_CONVERSION = YES;
				GCC_WARN_ABOUT_RETURN_TYPE = YES_ERROR;
				GCC_WARN_UNDECLARED_SELECTOR = YES;
				GCC_WARN_UNINITIALIZED_AUTOS = YES_AGGRESSIVE;
				GCC_WARN_UNUSED_FUNCTION = YES;
				GCC_WARN_UNUSED_VARIABLE = YES;
				IPHONEOS_DEPLOYMENT_TARGET = 10.3;
				MTL_ENABLE_DEBUG_INFO = NO;
				SDKROOT = iphoneos;
				SWIFT_OPTIMIZATION_LEVEL = "-Owholemodule";
				TARGETED_DEVICE_FAMILY = "1,2";
				VALIDATE_PRODUCT = YES;
			};
			name = Release;
		};
		6B12678E1F0E616700D5D67D /* Debug */ = {
			isa = XCBuildConfiguration;
			buildSettings = {
				ASSETCATALOG_COMPILER_APPICON_NAME = AppIcon;
				INFOPLIST_FILE = rainyshinycloudy/Info.plist;
				LD_RUNPATH_SEARCH_PATHS = "$(inherited) @executable_path/Frameworks";
				PRODUCT_BUNDLE_IDENTIFIER = com.NeilPatel.rainyshinycloudy;
				PRODUCT_NAME = "$(TARGET_NAME)";
				SWIFT_VERSION = 3.0;
			};
			name = Debug;
		};
		6B12678F1F0E616700D5D67D /* Release */ = {
			isa = XCBuildConfiguration;
			buildSettings = {
				ASSETCATALOG_COMPILER_APPICON_NAME = AppIcon;
				INFOPLIST_FILE = rainyshinycloudy/Info.plist;
				LD_RUNPATH_SEARCH_PATHS = "$(inherited) @executable_path/Frameworks";
				PRODUCT_BUNDLE_IDENTIFIER = com.NeilPatel.rainyshinycloudy;
				PRODUCT_NAME = "$(TARGET_NAME)";
				SWIFT_VERSION = 3.0;
			};
			name = Release;
		};
		6B1267911F0E616700D5D67D /* Debug */ = {
			isa = XCBuildConfiguration;
			buildSettings = {
				ALWAYS_EMBED_SWIFT_STANDARD_LIBRARIES = YES;
				BUNDLE_LOADER = "$(TEST_HOST)";
				INFOPLIST_FILE = rainyshinycloudyTests/Info.plist;
				LD_RUNPATH_SEARCH_PATHS = "$(inherited) @executable_path/Frameworks @loader_path/Frameworks";
				PRODUCT_BUNDLE_IDENTIFIER = com.NeilPatel.rainyshinycloudyTests;
				PRODUCT_NAME = "$(TARGET_NAME)";
				SWIFT_VERSION = 3.0;
				TEST_HOST = "$(BUILT_PRODUCTS_DIR)/rainyshinycloudy.app/rainyshinycloudy";
			};
			name = Debug;
		};
		6B1267921F0E616700D5D67D /* Release */ = {
			isa = XCBuildConfiguration;
			buildSettings = {
				ALWAYS_EMBED_SWIFT_STANDARD_LIBRARIES = YES;
				BUNDLE_LOADER = "$(TEST_HOST)";
				INFOPLIST_FILE = rainyshinycloudyTests/Info.plist;
				LD_RUNPATH_SEARCH_PATHS = "$(inherited) @executable_path/Frameworks @loader_path/Frameworks";
				PRODUCT_BUNDLE_IDENTIFIER = com.NeilPatel.rainyshinycloudyTests;
				PRODUCT_NAME = "$(TARGET_NAME)";
				SWIFT_VERSION = 3.0;
				TEST_HOST = "$(BUILT_PRODUCTS_DIR)/rainyshinycloudy.app/rainyshinycloudy";
			};
			name = Release;
		};
		6B1267941F0E616700D5D67D /* Debug */ = {
			isa = XCBuildConfiguration;
			buildSettings = {
				ALWAYS_EMBED_SWIFT_STANDARD_LIBRARIES = YES;
				INFOPLIST_FILE = rainyshinycloudyUITests/Info.plist;
				LD_RUNPATH_SEARCH_PATHS = "$(inherited) @executable_path/Frameworks @loader_path/Frameworks";
				PRODUCT_BUNDLE_IDENTIFIER = com.NeilPatel.rainyshinycloudyUITests;
				PRODUCT_NAME = "$(TARGET_NAME)";
				SWIFT_VERSION = 3.0;
				TEST_TARGET_NAME = rainyshinycloudy;
			};
			name = Debug;
		};
		6B1267951F0E616700D5D67D /* Release */ = {
			isa = XCBuildConfiguration;
			buildSettings = {
				ALWAYS_EMBED_SWIFT_STANDARD_LIBRARIES = YES;
				INFOPLIST_FILE = rainyshinycloudyUITests/Info.plist;
				LD_RUNPATH_SEARCH_PATHS = "$(inherited) @executable_path/Frameworks @loader_path/Frameworks";
				PRODUCT_BUNDLE_IDENTIFIER = com.NeilPatel.rainyshinycloudyUITests;
				PRODUCT_NAME = "$(TARGET_NAME)";
				SWIFT_VERSION = 3.0;
				TEST_TARGET_NAME = rainyshinycloudy;
			};
			name = Release;
		};
/* End XCBuildConfiguration section */

/* Begin XCConfigurationList section */
		6B1267601F0E616700D5D67D /* Build configuration list for PBXProject "rainyshinycloudy" */ = {
			isa = XCConfigurationList;
			buildConfigurations = (
				6B12678B1F0E616700D5D67D /* Debug */,
				6B12678C1F0E616700D5D67D /* Release */,
			);
			defaultConfigurationIsVisible = 0;
			defaultConfigurationName = Release;
		};
		6B12678D1F0E616700D5D67D /* Build configuration list for PBXNativeTarget "rainyshinycloudy" */ = {
			isa = XCConfigurationList;
			buildConfigurations = (
				6B12678E1F0E616700D5D67D /* Debug */,
				6B12678F1F0E616700D5D67D /* Release */,
			);
			defaultConfigurationIsVisible = 0;
		};
		6B1267901F0E616700D5D67D /* Build configuration list for PBXNativeTarget "rainyshinycloudyTests" */ = {
			isa = XCConfigurationList;
			buildConfigurations = (
				6B1267911F0E616700D5D67D /* Debug */,
				6B1267921F0E616700D5D67D /* Release */,
			);
			defaultConfigurationIsVisible = 0;
		};
		6B1267931F0E616700D5D67D /* Build configuration list for PBXNativeTarget "rainyshinycloudyUITests" */ = {
			isa = XCConfigurationList;
			buildConfigurations = (
				6B1267941F0E616700D5D67D /* Debug */,
				6B1267951F0E616700D5D67D /* Release */,
			);
			defaultConfigurationIsVisible = 0;
		};
/* End XCConfigurationList section */
	};
	rootObject = 6B12675D1F0E616700D5D67D /* Project object */;
}
